name: "Check for updates to Nix flake.lock file"

on:
  workflow_dispatch:
  schedule:
    - cron: "0 0 * * 0" # runs weekly on Sunday at midnight

jobs:
  nix-flake-update:
    runs-on: ubuntu-latest
    steps:
      - name: Harden the runner (Audit all outbound calls)
        uses: step-security/harden-runner@bf7454d06d71f1098171f2acdf0cd4708d7b5920 # v2.20.0
        with:
          egress-policy: audit

      - uses: actions/checkout@34e114876b0b11c390a56381ad16ebd13914f8d5 # v4.3.1
      - uses: DeterminateSystems/determinate-nix-action@c70cb8ae92d68c66953db28a26a63db1665bc837 # v3.21.5
      - uses: DeterminateSystems/update-flake-lock@ec13d37c32ca75bc750ecc133e944e5a18164688 # main
        with:
          pr-title: "Update flake.lock file with latest versions"
          pr-labels: |
            dependencies
            automated
          git-author-name: ${{ secrets.OP_BOT_COMMIT_NAME }}
          git-author-email: ${{ secrets.OP_BOT_COMMIT_EMAIL }}
          git-committer-name: ${{ secrets.OP_BOT_COMMIT_NAME }}
          git-committer-email: ${{ secrets.OP_BOT_COMMIT_EMAIL }}
          sign-commits: true
          gpg-private-key: ${{ secrets.OP_BOT_GPG_PRIVATE_KEY }}
          gpg-passphrase: ${{ secrets.OP_BOT_GPG_PASSPHRASE }}
