name: "Check for updates to Nix flake.lock file"

on:
  workflow_dispatch:
  schedule:
    - cron: "0 0 * * 0" # runs weekly on Sunday at midnight

jobs:
  nix-flake-update:
    runs-on: ubuntu-latest
    steps:
      - uses: actions/checkout@v4
      - uses: DeterminateSystems/determinate-nix-action@v3
      - uses: DeterminateSystems/update-flake-lock@main
        with:
          pr-title: "Update flake.lock file with latest versions"
          pr-labels: |
            dependencies
            automated
